
Microsoft Visual Studio Solution File, Format Version 12.00
# Visual Studio Version 16
VisualStudioVersion = 16.0.30611.23
MinimumVisualStudioVersion = 10.0.40219.1
Project("{FAE04EC0-301F-11D3-BF4B-00C04F79EFBC}") = "Stacks_reverse_string", "Stacks_reverse_string\Stacks_reverse_string.csproj", "{06043603-F5DD-453D-B884-C7A2C9BE58C4}"
EndProject
Global
	GlobalSection(SolutionConfigurationPlatforms) = preSolution
		Debug|Any CPU = Debug|Any CPU
		Release|Any CPU = Release|Any CPU
	EndGlobalSection
	GlobalSection(ProjectConfigurationPlatforms) = postSolution
		{06043603-F5DD-453D-B884-C7A2C9BE58C4}.Debug|Any CPU.ActiveCfg = Debug|Any CPU
		{06043603-F5DD-453D-B884-C7A2C9BE58C4}.Debug|Any CPU.Build.0 = Debug|Any CPU
		{06043603-F5DD-453D-B884-C7A2C9BE58C4}.Release|Any CPU.ActiveCfg = Release|Any CPU
		{06043603-F5DD-453D-B884-C7A2C9BE58C4}.Release|Any CPU.Build.0 = Release|Any CPU
	EndGlobalSection
	GlobalSection(SolutionProperties) = preSolution
		HideSolutionNode = FALSE
	EndGlobalSection
	GlobalSection(ExtensibilityGlobals) = postSolution
		SolutionGuid = {878EC82C-399F-4262-A68F-D530AEE3ED19}
	EndGlobalSection
EndGlobal
